
Microsoft Visual Studio Solution File, Format Version 12.00
# Visual Studio Version 16
VisualStudioVersion = 16.0.29911.84
MinimumVisualStudioVersion = 10.0.40219.1
Project("{FAE04EC0-301F-11D3-BF4B-00C04F79EFBC}") = "TE18B_Tuplar", "TE18B_Tuplar\TE18B_Tuplar.csproj", "{0A7F499B-B10A-42C0-B13B-C73A06961A82}"
EndProject
Global
	GlobalSection(SolutionConfigurationPlatforms) = preSolution
		Debug|Any CPU = Debug|Any CPU
		Release|Any CPU = Release|Any CPU
	EndGlobalSection
	GlobalSection(ProjectConfigurationPlatforms) = postSolution
		{0A7F499B-B10A-42C0-B13B-C73A06961A82}.Debug|Any CPU.ActiveCfg = Debug|Any CPU
		{0A7F499B-B10A-42C0-B13B-C73A06961A82}.Debug|Any CPU.Build.0 = Debug|Any CPU
		{0A7F499B-B10A-42C0-B13B-C73A06961A82}.Release|Any CPU.ActiveCfg = Release|Any CPU
		{0A7F499B-B10A-42C0-B13B-C73A06961A82}.Release|Any CPU.Build.0 = Release|Any CPU
	EndGlobalSection
	GlobalSection(SolutionProperties) = preSolution
		HideSolutionNode = FALSE
	EndGlobalSection
	GlobalSection(ExtensibilityGlobals) = postSolution
		SolutionGuid = {86F694C4-1A82-4136-BBCD-869D46F95E9B}
	EndGlobalSection
EndGlobal
