
Microsoft Visual Studio Solution File, Format Version 12.00
# Visual Studio Version 16
VisualStudioVersion = 16.0.29411.108
MinimumVisualStudioVersion = 10.0.40219.1
Project("{FAE04EC0-301F-11D3-BF4B-00C04F79EFBC}") = "TE18B String manipulation", "TE18B String manipulation\TE18B String manipulation.csproj", "{338C4B40-9BF2-46D7-9495-296287843029}"
EndProject
Global
	GlobalSection(SolutionConfigurationPlatforms) = preSolution
		Debug|Any CPU = Debug|Any CPU
		Release|Any CPU = Release|Any CPU
	EndGlobalSection
	GlobalSection(ProjectConfigurationPlatforms) = postSolution
		{338C4B40-9BF2-46D7-9495-296287843029}.Debug|Any CPU.ActiveCfg = Debug|Any CPU
		{338C4B40-9BF2-46D7-9495-296287843029}.Debug|Any CPU.Build.0 = Debug|Any CPU
		{338C4B40-9BF2-46D7-9495-296287843029}.Release|Any CPU.ActiveCfg = Release|Any CPU
		{338C4B40-9BF2-46D7-9495-296287843029}.Release|Any CPU.Build.0 = Release|Any CPU
	EndGlobalSection
	GlobalSection(SolutionProperties) = preSolution
		HideSolutionNode = FALSE
	EndGlobalSection
	GlobalSection(ExtensibilityGlobals) = postSolution
		SolutionGuid = {1D55D4D8-2C64-4BE7-B07F-38A5455C0AB3}
	EndGlobalSection
EndGlobal
