
Microsoft Visual Studio Solution File, Format Version 12.00
# Visual Studio Version 16
VisualStudioVersion = 16.0.29409.12
MinimumVisualStudioVersion = 10.0.40219.1
Project("{FAE04EC0-301F-11D3-BF4B-00C04F79EFBC}") = "TE18B_Scope", "TE18B_Scope\TE18B_Scope.csproj", "{87192F0E-878D-45CC-B100-DAD615AD0730}"
EndProject
Global
	GlobalSection(SolutionConfigurationPlatforms) = preSolution
		Debug|Any CPU = Debug|Any CPU
		Release|Any CPU = Release|Any CPU
	EndGlobalSection
	GlobalSection(ProjectConfigurationPlatforms) = postSolution
		{87192F0E-878D-45CC-B100-DAD615AD0730}.Debug|Any CPU.ActiveCfg = Debug|Any CPU
		{87192F0E-878D-45CC-B100-DAD615AD0730}.Debug|Any CPU.Build.0 = Debug|Any CPU
		{87192F0E-878D-45CC-B100-DAD615AD0730}.Release|Any CPU.ActiveCfg = Release|Any CPU
		{87192F0E-878D-45CC-B100-DAD615AD0730}.Release|Any CPU.Build.0 = Release|Any CPU
	EndGlobalSection
	GlobalSection(SolutionProperties) = preSolution
		HideSolutionNode = FALSE
	EndGlobalSection
	GlobalSection(ExtensibilityGlobals) = postSolution
		SolutionGuid = {28DEAE74-2DEB-4C1D-B55F-F38EF02DE0AA}
	EndGlobalSection
EndGlobal
