
Microsoft Visual Studio Solution File, Format Version 12.00
# Visual Studio 15
VisualStudioVersion = 15.0.28307.779
MinimumVisualStudioVersion = 10.0.40219.1
Project("{FAE04EC0-301F-11D3-BF4B-00C04F79EFBC}") = "TE18A_02_villkor", "TE18A_02_villkor\TE18A_02_villkor.csproj", "{10520CDA-2AD1-4B7B-AB55-8D109952EAD7}"
EndProject
Global
	GlobalSection(SolutionConfigurationPlatforms) = preSolution
		Debug|Any CPU = Debug|Any CPU
		Release|Any CPU = Release|Any CPU
	EndGlobalSection
	GlobalSection(ProjectConfigurationPlatforms) = postSolution
		{10520CDA-2AD1-4B7B-AB55-8D109952EAD7}.Debug|Any CPU.ActiveCfg = Debug|Any CPU
		{10520CDA-2AD1-4B7B-AB55-8D109952EAD7}.Debug|Any CPU.Build.0 = Debug|Any CPU
		{10520CDA-2AD1-4B7B-AB55-8D109952EAD7}.Release|Any CPU.ActiveCfg = Release|Any CPU
		{10520CDA-2AD1-4B7B-AB55-8D109952EAD7}.Release|Any CPU.Build.0 = Release|Any CPU
	EndGlobalSection
	GlobalSection(SolutionProperties) = preSolution
		HideSolutionNode = FALSE
	EndGlobalSection
	GlobalSection(ExtensibilityGlobals) = postSolution
		SolutionGuid = {DE6D9EAE-1E56-4255-A937-638888E1EF05}
	EndGlobalSection
EndGlobal
