
Microsoft Visual Studio Solution File, Format Version 12.00
# Visual Studio Version 16
VisualStudioVersion = 16.0.29409.12
MinimumVisualStudioVersion = 10.0.40219.1
Project("{FAE04EC0-301F-11D3-BF4B-00C04F79EFBC}") = "TE18A_Stringmanipulation", "TE18A_Stringmanipulation\TE18A_Stringmanipulation.csproj", "{28596A02-C37C-4882-AF08-331F1262ACA0}"
EndProject
Global
	GlobalSection(SolutionConfigurationPlatforms) = preSolution
		Debug|Any CPU = Debug|Any CPU
		Release|Any CPU = Release|Any CPU
	EndGlobalSection
	GlobalSection(ProjectConfigurationPlatforms) = postSolution
		{28596A02-C37C-4882-AF08-331F1262ACA0}.Debug|Any CPU.ActiveCfg = Debug|Any CPU
		{28596A02-C37C-4882-AF08-331F1262ACA0}.Debug|Any CPU.Build.0 = Debug|Any CPU
		{28596A02-C37C-4882-AF08-331F1262ACA0}.Release|Any CPU.ActiveCfg = Release|Any CPU
		{28596A02-C37C-4882-AF08-331F1262ACA0}.Release|Any CPU.Build.0 = Release|Any CPU
	EndGlobalSection
	GlobalSection(SolutionProperties) = preSolution
		HideSolutionNode = FALSE
	EndGlobalSection
	GlobalSection(ExtensibilityGlobals) = postSolution
		SolutionGuid = {BF4FA09F-6F3A-46B1-AD56-C9B29A5CDAF4}
	EndGlobalSection
EndGlobal
