
Microsoft Visual Studio Solution File, Format Version 12.00
# Visual Studio Version 16
VisualStudioVersion = 16.0.29306.81
MinimumVisualStudioVersion = 10.0.40219.1
Project("{FAE04EC0-301F-11D3-BF4B-00C04F79EFBC}") = "TE18B_Loopar", "TE18B_Loopar\TE18B_Loopar.csproj", "{0B30C15C-76B5-4AE9-8568-C8C0F2E791E7}"
EndProject
Global
	GlobalSection(SolutionConfigurationPlatforms) = preSolution
		Debug|Any CPU = Debug|Any CPU
		Release|Any CPU = Release|Any CPU
	EndGlobalSection
	GlobalSection(ProjectConfigurationPlatforms) = postSolution
		{0B30C15C-76B5-4AE9-8568-C8C0F2E791E7}.Debug|Any CPU.ActiveCfg = Debug|Any CPU
		{0B30C15C-76B5-4AE9-8568-C8C0F2E791E7}.Debug|Any CPU.Build.0 = Debug|Any CPU
		{0B30C15C-76B5-4AE9-8568-C8C0F2E791E7}.Release|Any CPU.ActiveCfg = Release|Any CPU
		{0B30C15C-76B5-4AE9-8568-C8C0F2E791E7}.Release|Any CPU.Build.0 = Release|Any CPU
	EndGlobalSection
	GlobalSection(SolutionProperties) = preSolution
		HideSolutionNode = FALSE
	EndGlobalSection
	GlobalSection(ExtensibilityGlobals) = postSolution
		SolutionGuid = {FF262805-F577-4723-BF12-9CF0500B8EFC}
	EndGlobalSection
EndGlobal
