
Microsoft Visual Studio Solution File, Format Version 12.00
# Visual Studio Version 16
VisualStudioVersion = 16.0.29306.81
MinimumVisualStudioVersion = 10.0.40219.1
Project("{FAE04EC0-301F-11D3-BF4B-00C04F79EFBC}") = "TE18B_Random", "TE18B_Random\TE18B_Random.csproj", "{3C958B70-9D64-484C-8EB0-5CEC723B5BFC}"
EndProject
Global
	GlobalSection(SolutionConfigurationPlatforms) = preSolution
		Debug|Any CPU = Debug|Any CPU
		Release|Any CPU = Release|Any CPU
	EndGlobalSection
	GlobalSection(ProjectConfigurationPlatforms) = postSolution
		{3C958B70-9D64-484C-8EB0-5CEC723B5BFC}.Debug|Any CPU.ActiveCfg = Debug|Any CPU
		{3C958B70-9D64-484C-8EB0-5CEC723B5BFC}.Debug|Any CPU.Build.0 = Debug|Any CPU
		{3C958B70-9D64-484C-8EB0-5CEC723B5BFC}.Release|Any CPU.ActiveCfg = Release|Any CPU
		{3C958B70-9D64-484C-8EB0-5CEC723B5BFC}.Release|Any CPU.Build.0 = Release|Any CPU
	EndGlobalSection
	GlobalSection(SolutionProperties) = preSolution
		HideSolutionNode = FALSE
	EndGlobalSection
	GlobalSection(ExtensibilityGlobals) = postSolution
		SolutionGuid = {A31380F4-D6B4-4E4A-BF95-53499D8BC0C4}
	EndGlobalSection
EndGlobal
